
Microsoft Visual Studio Solution File, Format Version 10.00
# Visual C++ Express 2008
Project("{8BC9CEB8-8B4A-11D0-8D11-00A0C91BC942}") = "Площадь прямоугольника", "Площадь прямоугольника\Площадь прямоугольника.vcproj", "{1EFFC61E-5ADD-485B-A0E1-109088CBDED6}"
EndProject
Global
	GlobalSection(SolutionConfigurationPlatforms) = preSolution
		Debug|Win32 = Debug|Win32
		Release|Win32 = Release|Win32
	EndGlobalSection
	GlobalSection(ProjectConfigurationPlatforms) = postSolution
		{1EFFC61E-5ADD-485B-A0E1-109088CBDED6}.Debug|Win32.ActiveCfg = Debug|Win32
		{1EFFC61E-5ADD-485B-A0E1-109088CBDED6}.Debug|Win32.Build.0 = Debug|Win32
		{1EFFC61E-5ADD-485B-A0E1-109088CBDED6}.Release|Win32.ActiveCfg = Release|Win32
		{1EFFC61E-5ADD-485B-A0E1-109088CBDED6}.Release|Win32.Build.0 = Release|Win32
	EndGlobalSection
	GlobalSection(SolutionProperties) = preSolution
		HideSolutionNode = FALSE
	EndGlobalSection
EndGlobal
