
Microsoft Visual Studio Solution File, Format Version 10.00
# Visual C# Express 2008
Project("{FAE04EC0-301F-11D3-BF4B-00C04F79EFBC}") = "Бегущая строка", "Бегущая строка\Бегущая строка.csproj", "{4D67EB8D-6E9F-42C7-84D7-71F8E3FA4C0C}"
EndProject
Global
	GlobalSection(SolutionConfigurationPlatforms) = preSolution
		Debug|Any CPU = Debug|Any CPU
		Release|Any CPU = Release|Any CPU
	EndGlobalSection
	GlobalSection(ProjectConfigurationPlatforms) = postSolution
		{4D67EB8D-6E9F-42C7-84D7-71F8E3FA4C0C}.Debug|Any CPU.ActiveCfg = Debug|Any CPU
		{4D67EB8D-6E9F-42C7-84D7-71F8E3FA4C0C}.Debug|Any CPU.Build.0 = Debug|Any CPU
		{4D67EB8D-6E9F-42C7-84D7-71F8E3FA4C0C}.Release|Any CPU.ActiveCfg = Release|Any CPU
		{4D67EB8D-6E9F-42C7-84D7-71F8E3FA4C0C}.Release|Any CPU.Build.0 = Release|Any CPU
	EndGlobalSection
	GlobalSection(SolutionProperties) = preSolution
		HideSolutionNode = FALSE
	EndGlobalSection
EndGlobal
