
Microsoft Visual Studio Solution File, Format Version 10.00
# Visual C# Express 2008
Project("{FAE04EC0-301F-11D3-BF4B-00C04F79EFBC}") = "Комплектация Автомобиля", "Комплектация Автомобиля\Комплектация Автомобиля.csproj", "{7261B0FE-358E-4878-88A3-4E77B78ADE90}"
EndProject
Global
	GlobalSection(SolutionConfigurationPlatforms) = preSolution
		Debug|Any CPU = Debug|Any CPU
		Release|Any CPU = Release|Any CPU
	EndGlobalSection
	GlobalSection(ProjectConfigurationPlatforms) = postSolution
		{7261B0FE-358E-4878-88A3-4E77B78ADE90}.Debug|Any CPU.ActiveCfg = Debug|Any CPU
		{7261B0FE-358E-4878-88A3-4E77B78ADE90}.Debug|Any CPU.Build.0 = Debug|Any CPU
		{7261B0FE-358E-4878-88A3-4E77B78ADE90}.Release|Any CPU.ActiveCfg = Release|Any CPU
		{7261B0FE-358E-4878-88A3-4E77B78ADE90}.Release|Any CPU.Build.0 = Release|Any CPU
	EndGlobalSection
	GlobalSection(SolutionProperties) = preSolution
		HideSolutionNode = FALSE
	EndGlobalSection
EndGlobal
